
Microsoft Visual Studio Solution File, Format Version 12.00
# Visual Studio 15
VisualStudioVersion = 15.0.27703.2035
MinimumVisualStudioVersion = 10.0.40219.1
Project("{FAE04EC0-301F-11D3-BF4B-00C04F79EFBC}") = "GestionDesGorphs.Console.UI", "GestionDesGorphs.Console.UI\GestionDesGorphs.Console.UI.csproj", "{B9EB1BB3-68F5-400A-9C75-A45D63D885DB}"
EndProject
Global
	GlobalSection(SolutionConfigurationPlatforms) = preSolution
		Debug|Any CPU = Debug|Any CPU
		Release|Any CPU = Release|Any CPU
	EndGlobalSection
	GlobalSection(ProjectConfigurationPlatforms) = postSolution
		{B9EB1BB3-68F5-400A-9C75-A45D63D885DB}.Debug|Any CPU.ActiveCfg = Debug|Any CPU
		{B9EB1BB3-68F5-400A-9C75-A45D63D885DB}.Debug|Any CPU.Build.0 = Debug|Any CPU
		{B9EB1BB3-68F5-400A-9C75-A45D63D885DB}.Release|Any CPU.ActiveCfg = Release|Any CPU
		{B9EB1BB3-68F5-400A-9C75-A45D63D885DB}.Release|Any CPU.Build.0 = Release|Any CPU
	EndGlobalSection
	GlobalSection(SolutionProperties) = preSolution
		HideSolutionNode = FALSE
	EndGlobalSection
	GlobalSection(ExtensibilityGlobals) = postSolution
		SolutionGuid = {66ECA78C-4B9F-441F-9DDC-EA7D0B3BE813}
	EndGlobalSection
EndGlobal
